
Microsoft Visual Studio Solution File, Format Version 12.00
# Visual Studio Version 17
VisualStudioVersion = 17.13.35825.156 d17.13
MinimumVisualStudioVersion = 10.0.40219.1
Project("{FAE04EC0-301F-11D3-BF4B-00C04F79EFBC}") = "TechShop", "TechShop\TechShop.csproj", "{666BA908-9BA3-4AB7-992C-FC8DAA1DA2BC}"
EndProject
Global
	GlobalSection(SolutionConfigurationPlatforms) = preSolution
		Debug|Any CPU = Debug|Any CPU
		Release|Any CPU = Release|Any CPU
	EndGlobalSection
	GlobalSection(ProjectConfigurationPlatforms) = postSolution
		{666BA908-9BA3-4AB7-992C-FC8DAA1DA2BC}.Debug|Any CPU.ActiveCfg = Debug|Any CPU
		{666BA908-9BA3-4AB7-992C-FC8DAA1DA2BC}.Debug|Any CPU.Build.0 = Debug|Any CPU
		{666BA908-9BA3-4AB7-992C-FC8DAA1DA2BC}.Release|Any CPU.ActiveCfg = Release|Any CPU
		{666BA908-9BA3-4AB7-992C-FC8DAA1DA2BC}.Release|Any CPU.Build.0 = Release|Any CPU
	EndGlobalSection
	GlobalSection(SolutionProperties) = preSolution
		HideSolutionNode = FALSE
	EndGlobalSection
	GlobalSection(ExtensibilityGlobals) = postSolution
		SolutionGuid = {7EEEB9A9-AE70-44F2-99F9-11CAE63B4D18}
	EndGlobalSection
EndGlobal
